
Microsoft Visual Studio Solution File, Format Version 12.00
# Visual Studio Version 17
VisualStudioVersion = 17.5.33516.290
MinimumVisualStudioVersion = 10.0.40219.1
Project("{9A19103F-16F7-4668-BE54-9A1E7A4F7556}") = "LUP", "LUP\LUP.csproj", "{E045FBF6-9197-490D-9D21-CD315B302F74}"
EndProject
Project("{9A19103F-16F7-4668-BE54-9A1E7A4F7556}") = "LUP.DependencyInjection", "LUP.DependencyInjection\LUP.DependencyInjection.csproj", "{1E5A1C77-3592-4D65-9883-12564970E963}"
EndProject
Project("{2150E333-8FDC-42A3-9474-1A3956D46DE8}") = "Benchmarks", "Benchmarks", "{3E578A8F-B1ED-4858-B9FE-4EEF150B652C}"
EndProject
Project("{2150E333-8FDC-42A3-9474-1A3956D46DE8}") = "Tests", "Tests", "{8891E21A-A653-4F54-BFC3-9BBF9F7C4C98}"
EndProject
Project("{2150E333-8FDC-42A3-9474-1A3956D46DE8}") = "Examples", "Examples", "{CF9A53A7-A118-4845-82D9-BD4244B76138}"
EndProject
Project("{9A19103F-16F7-4668-BE54-9A1E7A4F7556}") = "DependencyInjectionBenchmarks", "DependencyInjectionBenchmarks\DependencyInjectionBenchmarks.csproj", "{D930E8E2-0A47-482A-9159-F2D772BA6567}"
EndProject
Project("{9A19103F-16F7-4668-BE54-9A1E7A4F7556}") = "DependencyInjectionExample", "DependencyInjectionExample\DependencyInjectionExample.csproj", "{B3472621-230F-4F22-94F3-01F780368912}"
EndProject
Project("{9A19103F-16F7-4668-BE54-9A1E7A4F7556}") = "DependencyInjectionTests", "DependencyInjectionTests\DependencyInjectionTests.csproj", "{624526CB-F84F-401B-A078-EF13A4D512B1}"
EndProject
Project("{9A19103F-16F7-4668-BE54-9A1E7A4F7556}") = "ApplicationExample", "ApplicationExample\ApplicationExample.csproj", "{A91DFC1C-6972-4EC1-931A-14BE58CB487F}"
EndProject
Project("{9A19103F-16F7-4668-BE54-9A1E7A4F7556}") = "LUP.SceneGraph", "LUP.SceneGraph\LUP.SceneGraph.csproj", "{16EA4623-5427-4ACF-8822-ECABF6B01DEB}"
EndProject
Project("{9A19103F-16F7-4668-BE54-9A1E7A4F7556}") = "ApplicationTests", "ApplicationTests\ApplicationTests.csproj", "{CAB81B25-F9C6-4ED2-983C-89C653EE9D02}"
EndProject
Project("{9A19103F-16F7-4668-BE54-9A1E7A4F7556}") = "SceneExample", "SceneExample\SceneExample.csproj", "{A12E858C-7355-49EB-BE5E-69479692550F}"
EndProject
Project("{9A19103F-16F7-4668-BE54-9A1E7A4F7556}") = "LUP.Client", "LUP.Client\LUP.Client.csproj", "{72E655E5-7AAF-48F9-A8AE-3999335F34B5}"
EndProject
Project("{2150E333-8FDC-42A3-9474-1A3956D46DE8}") = "Graphics", "Graphics", "{47596FD1-85C5-413A-BB79-DD97B7F10EF3}"
EndProject
Project("{9A19103F-16F7-4668-BE54-9A1E7A4F7556}") = "LUP.Graphics.OpenGL", "LUP.Graphics.OpenGL\LUP.Graphics.OpenGL.csproj", "{57F063B2-E0CB-48BC-A311-F362D9EBA152}"
EndProject
Project("{9A19103F-16F7-4668-BE54-9A1E7A4F7556}") = "LUP.Graphics", "LUP.Graphics\LUP.Graphics.csproj", "{DC050436-05FD-471A-9046-4241FE80A38E}"
EndProject
Project("{2150E333-8FDC-42A3-9474-1A3956D46DE8}") = "Rendering", "Rendering", "{BC391918-8924-43A2-95DD-A931151C2695}"
EndProject
Project("{2150E333-8FDC-42A3-9474-1A3956D46DE8}") = "Physics", "Physics", "{D5C81DA7-C9F2-45F2-8764-FB50A68A19F7}"
EndProject
Project("{9A19103F-16F7-4668-BE54-9A1E7A4F7556}") = "LUP.Rendering", "LUP.Rendering\LUP.Rendering.csproj", "{B45AA620-CB25-454D-A463-437D45BCB341}"
EndProject
Project("{9A19103F-16F7-4668-BE54-9A1E7A4F7556}") = "LUP.Physics", "LUP.Physics\LUP.Physics.csproj", "{DAAAA041-B6DF-4780-BCF7-E124581AE56E}"
EndProject
Project("{2150E333-8FDC-42A3-9474-1A3956D46DE8}") = "Other", "Other", "{88288250-808B-4787-AE58-1B5018F09446}"
EndProject
Project("{9A19103F-16F7-4668-BE54-9A1E7A4F7556}") = "LUP.Rendering.Materials", "LUP.Materials\LUP.Rendering.Materials.csproj", "{00DE86C6-B7D7-4442-8216-5C2588E96303}"
EndProject
Project("{9A19103F-16F7-4668-BE54-9A1E7A4F7556}") = "Rendering Example", "Rendering Example\Rendering Example.csproj", "{60B771D5-5BA8-485E-8298-FEA287EEE7CB}"
EndProject
Project("{9A19103F-16F7-4668-BE54-9A1E7A4F7556}") = "LUP.Math", "LUP.Math\LUP.Math.csproj", "{5F3ADB6D-FD1D-4668-9F31-8C8724D77A46}"
EndProject
Project("{9A19103F-16F7-4668-BE54-9A1E7A4F7556}") = "MathTest", "MathTest\MathTest.csproj", "{BBA33DB9-3784-48F5-B20F-9A74B9F50D75}"
EndProject
Project("{2150E333-8FDC-42A3-9474-1A3956D46DE8}") = "Features", "Features", "{64703740-05C7-42AE-82AC-F8C22FD7870A}"
EndProject
Project("{9A19103F-16F7-4668-BE54-9A1E7A4F7556}") = "LUP.Rendering.Export", "LUP.Rendering.Export\LUP.Rendering.Export.csproj", "{7A0B471D-8AAA-444A-AB50-15D8B9F79BB7}"
EndProject
Project("{9A19103F-16F7-4668-BE54-9A1E7A4F7556}") = "LUP.RenderingBase", "LUP.RenderingBase\LUP.RenderingBase.csproj", "{AB965E57-3DB1-4B28-BF18-C918287594E5}"
EndProject
Project("{9A19103F-16F7-4668-BE54-9A1E7A4F7556}") = "LUP.Rendering.ShaderLanguage", "LUP.Rendering.ShaderGeneration\LUP.Rendering.ShaderLanguage.csproj", "{D04B9D18-00EE-4BA8-8AE2-BFFE085804E9}"
EndProject
Project("{FAE04EC0-301F-11D3-BF4B-00C04F79EFBC}") = "LUP.Parsing", "LUP.Parsing\LUP.Parsing.csproj", "{66A2B100-A021-4A6F-8FF7-018FB81FEBFB}"
EndProject
Global
	GlobalSection(SolutionConfigurationPlatforms) = preSolution
		Debug|Any CPU = Debug|Any CPU
		Debug|x64 = Debug|x64
		Debug|x86 = Debug|x86
		Release|Any CPU = Release|Any CPU
		Release|x64 = Release|x64
		Release|x86 = Release|x86
	EndGlobalSection
	GlobalSection(ProjectConfigurationPlatforms) = postSolution
		{E045FBF6-9197-490D-9D21-CD315B302F74}.Debug|Any CPU.ActiveCfg = Debug|Any CPU
		{E045FBF6-9197-490D-9D21-CD315B302F74}.Debug|Any CPU.Build.0 = Debug|Any CPU
		{E045FBF6-9197-490D-9D21-CD315B302F74}.Debug|x64.ActiveCfg = Debug|Any CPU
		{E045FBF6-9197-490D-9D21-CD315B302F74}.Debug|x64.Build.0 = Debug|Any CPU
		{E045FBF6-9197-490D-9D21-CD315B302F74}.Debug|x86.ActiveCfg = Debug|Any CPU
		{E045FBF6-9197-490D-9D21-CD315B302F74}.Debug|x86.Build.0 = Debug|Any CPU
		{E045FBF6-9197-490D-9D21-CD315B302F74}.Release|Any CPU.ActiveCfg = Release|Any CPU
		{E045FBF6-9197-490D-9D21-CD315B302F74}.Release|Any CPU.Build.0 = Release|Any CPU
		{E045FBF6-9197-490D-9D21-CD315B302F74}.Release|x64.ActiveCfg = Release|Any CPU
		{E045FBF6-9197-490D-9D21-CD315B302F74}.Release|x64.Build.0 = Release|Any CPU
		{E045FBF6-9197-490D-9D21-CD315B302F74}.Release|x86.ActiveCfg = Release|Any CPU
		{E045FBF6-9197-490D-9D21-CD315B302F74}.Release|x86.Build.0 = Release|Any CPU
		{1E5A1C77-3592-4D65-9883-12564970E963}.Debug|Any CPU.ActiveCfg = Debug|Any CPU
		{1E5A1C77-3592-4D65-9883-12564970E963}.Debug|Any CPU.Build.0 = Debug|Any CPU
		{1E5A1C77-3592-4D65-9883-12564970E963}.Debug|x64.ActiveCfg = Debug|Any CPU
		{1E5A1C77-3592-4D65-9883-12564970E963}.Debug|x64.Build.0 = Debug|Any CPU
		{1E5A1C77-3592-4D65-9883-12564970E963}.Debug|x86.ActiveCfg = Debug|Any CPU
		{1E5A1C77-3592-4D65-9883-12564970E963}.Debug|x86.Build.0 = Debug|Any CPU
		{1E5A1C77-3592-4D65-9883-12564970E963}.Release|Any CPU.ActiveCfg = Release|Any CPU
		{1E5A1C77-3592-4D65-9883-12564970E963}.Release|Any CPU.Build.0 = Release|Any CPU
		{1E5A1C77-3592-4D65-9883-12564970E963}.Release|x64.ActiveCfg = Release|Any CPU
		{1E5A1C77-3592-4D65-9883-12564970E963}.Release|x64.Build.0 = Release|Any CPU
		{1E5A1C77-3592-4D65-9883-12564970E963}.Release|x86.ActiveCfg = Release|Any CPU
		{1E5A1C77-3592-4D65-9883-12564970E963}.Release|x86.Build.0 = Release|Any CPU
		{D930E8E2-0A47-482A-9159-F2D772BA6567}.Debug|Any CPU.ActiveCfg = Debug|Any CPU
		{D930E8E2-0A47-482A-9159-F2D772BA6567}.Debug|Any CPU.Build.0 = Debug|Any CPU
		{D930E8E2-0A47-482A-9159-F2D772BA6567}.Debug|x64.ActiveCfg = Debug|Any CPU
		{D930E8E2-0A47-482A-9159-F2D772BA6567}.Debug|x64.Build.0 = Debug|Any CPU
		{D930E8E2-0A47-482A-9159-F2D772BA6567}.Debug|x86.ActiveCfg = Debug|Any CPU
		{D930E8E2-0A47-482A-9159-F2D772BA6567}.Debug|x86.Build.0 = Debug|Any CPU
		{D930E8E2-0A47-482A-9159-F2D772BA6567}.Release|Any CPU.ActiveCfg = Release|Any CPU
		{D930E8E2-0A47-482A-9159-F2D772BA6567}.Release|Any CPU.Build.0 = Release|Any CPU
		{D930E8E2-0A47-482A-9159-F2D772BA6567}.Release|x64.ActiveCfg = Release|Any CPU
		{D930E8E2-0A47-482A-9159-F2D772BA6567}.Release|x64.Build.0 = Release|Any CPU
		{D930E8E2-0A47-482A-9159-F2D772BA6567}.Release|x86.ActiveCfg = Release|Any CPU
		{D930E8E2-0A47-482A-9159-F2D772BA6567}.Release|x86.Build.0 = Release|Any CPU
		{B3472621-230F-4F22-94F3-01F780368912}.Debug|Any CPU.ActiveCfg = Debug|Any CPU
		{B3472621-230F-4F22-94F3-01F780368912}.Debug|Any CPU.Build.0 = Debug|Any CPU
		{B3472621-230F-4F22-94F3-01F780368912}.Debug|x64.ActiveCfg = Debug|Any CPU
		{B3472621-230F-4F22-94F3-01F780368912}.Debug|x64.Build.0 = Debug|Any CPU
		{B3472621-230F-4F22-94F3-01F780368912}.Debug|x86.ActiveCfg = Debug|Any CPU
		{B3472621-230F-4F22-94F3-01F780368912}.Debug|x86.Build.0 = Debug|Any CPU
		{B3472621-230F-4F22-94F3-01F780368912}.Release|Any CPU.ActiveCfg = Release|Any CPU
		{B3472621-230F-4F22-94F3-01F780368912}.Release|Any CPU.Build.0 = Release|Any CPU
		{B3472621-230F-4F22-94F3-01F780368912}.Release|x64.ActiveCfg = Release|Any CPU
		{B3472621-230F-4F22-94F3-01F780368912}.Release|x64.Build.0 = Release|Any CPU
		{B3472621-230F-4F22-94F3-01F780368912}.Release|x86.ActiveCfg = Release|Any CPU
		{B3472621-230F-4F22-94F3-01F780368912}.Release|x86.Build.0 = Release|Any CPU
		{624526CB-F84F-401B-A078-EF13A4D512B1}.Debug|Any CPU.ActiveCfg = Debug|Any CPU
		{624526CB-F84F-401B-A078-EF13A4D512B1}.Debug|Any CPU.Build.0 = Debug|Any CPU
		{624526CB-F84F-401B-A078-EF13A4D512B1}.Debug|x64.ActiveCfg = Debug|Any CPU
		{624526CB-F84F-401B-A078-EF13A4D512B1}.Debug|x64.Build.0 = Debug|Any CPU
		{624526CB-F84F-401B-A078-EF13A4D512B1}.Debug|x86.ActiveCfg = Debug|Any CPU
		{624526CB-F84F-401B-A078-EF13A4D512B1}.Debug|x86.Build.0 = Debug|Any CPU
		{624526CB-F84F-401B-A078-EF13A4D512B1}.Release|Any CPU.ActiveCfg = Release|Any CPU
		{624526CB-F84F-401B-A078-EF13A4D512B1}.Release|Any CPU.Build.0 = Release|Any CPU
		{624526CB-F84F-401B-A078-EF13A4D512B1}.Release|x64.ActiveCfg = Release|Any CPU
		{624526CB-F84F-401B-A078-EF13A4D512B1}.Release|x64.Build.0 = Release|Any CPU
		{624526CB-F84F-401B-A078-EF13A4D512B1}.Release|x86.ActiveCfg = Release|Any CPU
		{624526CB-F84F-401B-A078-EF13A4D512B1}.Release|x86.Build.0 = Release|Any CPU
		{A91DFC1C-6972-4EC1-931A-14BE58CB487F}.Debug|Any CPU.ActiveCfg = Debug|Any CPU
		{A91DFC1C-6972-4EC1-931A-14BE58CB487F}.Debug|Any CPU.Build.0 = Debug|Any CPU
		{A91DFC1C-6972-4EC1-931A-14BE58CB487F}.Debug|x64.ActiveCfg = Debug|Any CPU
		{A91DFC1C-6972-4EC1-931A-14BE58CB487F}.Debug|x64.Build.0 = Debug|Any CPU
		{A91DFC1C-6972-4EC1-931A-14BE58CB487F}.Debug|x86.ActiveCfg = Debug|Any CPU
		{A91DFC1C-6972-4EC1-931A-14BE58CB487F}.Debug|x86.Build.0 = Debug|Any CPU
		{A91DFC1C-6972-4EC1-931A-14BE58CB487F}.Release|Any CPU.ActiveCfg = Release|Any CPU
		{A91DFC1C-6972-4EC1-931A-14BE58CB487F}.Release|Any CPU.Build.0 = Release|Any CPU
		{A91DFC1C-6972-4EC1-931A-14BE58CB487F}.Release|x64.ActiveCfg = Release|Any CPU
		{A91DFC1C-6972-4EC1-931A-14BE58CB487F}.Release|x64.Build.0 = Release|Any CPU
		{A91DFC1C-6972-4EC1-931A-14BE58CB487F}.Release|x86.ActiveCfg = Release|Any CPU
		{A91DFC1C-6972-4EC1-931A-14BE58CB487F}.Release|x86.Build.0 = Release|Any CPU
		{16EA4623-5427-4ACF-8822-ECABF6B01DEB}.Debug|Any CPU.ActiveCfg = Debug|Any CPU
		{16EA4623-5427-4ACF-8822-ECABF6B01DEB}.Debug|Any CPU.Build.0 = Debug|Any CPU
		{16EA4623-5427-4ACF-8822-ECABF6B01DEB}.Debug|x64.ActiveCfg = Debug|Any CPU
		{16EA4623-5427-4ACF-8822-ECABF6B01DEB}.Debug|x64.Build.0 = Debug|Any CPU
		{16EA4623-5427-4ACF-8822-ECABF6B01DEB}.Debug|x86.ActiveCfg = Debug|Any CPU
		{16EA4623-5427-4ACF-8822-ECABF6B01DEB}.Debug|x86.Build.0 = Debug|Any CPU
		{16EA4623-5427-4ACF-8822-ECABF6B01DEB}.Release|Any CPU.ActiveCfg = Release|Any CPU
		{16EA4623-5427-4ACF-8822-ECABF6B01DEB}.Release|Any CPU.Build.0 = Release|Any CPU
		{16EA4623-5427-4ACF-8822-ECABF6B01DEB}.Release|x64.ActiveCfg = Release|Any CPU
		{16EA4623-5427-4ACF-8822-ECABF6B01DEB}.Release|x64.Build.0 = Release|Any CPU
		{16EA4623-5427-4ACF-8822-ECABF6B01DEB}.Release|x86.ActiveCfg = Release|Any CPU
		{16EA4623-5427-4ACF-8822-ECABF6B01DEB}.Release|x86.Build.0 = Release|Any CPU
		{CAB81B25-F9C6-4ED2-983C-89C653EE9D02}.Debug|Any CPU.ActiveCfg = Debug|Any CPU
		{CAB81B25-F9C6-4ED2-983C-89C653EE9D02}.Debug|Any CPU.Build.0 = Debug|Any CPU
		{CAB81B25-F9C6-4ED2-983C-89C653EE9D02}.Debug|x64.ActiveCfg = Debug|Any CPU
		{CAB81B25-F9C6-4ED2-983C-89C653EE9D02}.Debug|x64.Build.0 = Debug|Any CPU
		{CAB81B25-F9C6-4ED2-983C-89C653EE9D02}.Debug|x86.ActiveCfg = Debug|Any CPU
		{CAB81B25-F9C6-4ED2-983C-89C653EE9D02}.Debug|x86.Build.0 = Debug|Any CPU
		{CAB81B25-F9C6-4ED2-983C-89C653EE9D02}.Release|Any CPU.ActiveCfg = Release|Any CPU
		{CAB81B25-F9C6-4ED2-983C-89C653EE9D02}.Release|Any CPU.Build.0 = Release|Any CPU
		{CAB81B25-F9C6-4ED2-983C-89C653EE9D02}.Release|x64.ActiveCfg = Release|Any CPU
		{CAB81B25-F9C6-4ED2-983C-89C653EE9D02}.Release|x64.Build.0 = Release|Any CPU
		{CAB81B25-F9C6-4ED2-983C-89C653EE9D02}.Release|x86.ActiveCfg = Release|Any CPU
		{CAB81B25-F9C6-4ED2-983C-89C653EE9D02}.Release|x86.Build.0 = Release|Any CPU
		{A12E858C-7355-49EB-BE5E-69479692550F}.Debug|Any CPU.ActiveCfg = Debug|Any CPU
		{A12E858C-7355-49EB-BE5E-69479692550F}.Debug|Any CPU.Build.0 = Debug|Any CPU
		{A12E858C-7355-49EB-BE5E-69479692550F}.Debug|x64.ActiveCfg = Debug|Any CPU
		{A12E858C-7355-49EB-BE5E-69479692550F}.Debug|x64.Build.0 = Debug|Any CPU
		{A12E858C-7355-49EB-BE5E-69479692550F}.Debug|x86.ActiveCfg = Debug|Any CPU
		{A12E858C-7355-49EB-BE5E-69479692550F}.Debug|x86.Build.0 = Debug|Any CPU
		{A12E858C-7355-49EB-BE5E-69479692550F}.Release|Any CPU.ActiveCfg = Release|Any CPU
		{A12E858C-7355-49EB-BE5E-69479692550F}.Release|Any CPU.Build.0 = Release|Any CPU
		{A12E858C-7355-49EB-BE5E-69479692550F}.Release|x64.ActiveCfg = Release|Any CPU
		{A12E858C-7355-49EB-BE5E-69479692550F}.Release|x64.Build.0 = Release|Any CPU
		{A12E858C-7355-49EB-BE5E-69479692550F}.Release|x86.ActiveCfg = Release|Any CPU
		{A12E858C-7355-49EB-BE5E-69479692550F}.Release|x86.Build.0 = Release|Any CPU
		{72E655E5-7AAF-48F9-A8AE-3999335F34B5}.Debug|Any CPU.ActiveCfg = Debug|Any CPU
		{72E655E5-7AAF-48F9-A8AE-3999335F34B5}.Debug|Any CPU.Build.0 = Debug|Any CPU
		{72E655E5-7AAF-48F9-A8AE-3999335F34B5}.Debug|x64.ActiveCfg = Debug|Any CPU
		{72E655E5-7AAF-48F9-A8AE-3999335F34B5}.Debug|x64.Build.0 = Debug|Any CPU
		{72E655E5-7AAF-48F9-A8AE-3999335F34B5}.Debug|x86.ActiveCfg = Debug|Any CPU
		{72E655E5-7AAF-48F9-A8AE-3999335F34B5}.Debug|x86.Build.0 = Debug|Any CPU
		{72E655E5-7AAF-48F9-A8AE-3999335F34B5}.Release|Any CPU.ActiveCfg = Release|Any CPU
		{72E655E5-7AAF-48F9-A8AE-3999335F34B5}.Release|Any CPU.Build.0 = Release|Any CPU
		{72E655E5-7AAF-48F9-A8AE-3999335F34B5}.Release|x64.ActiveCfg = Release|Any CPU
		{72E655E5-7AAF-48F9-A8AE-3999335F34B5}.Release|x64.Build.0 = Release|Any CPU
		{72E655E5-7AAF-48F9-A8AE-3999335F34B5}.Release|x86.ActiveCfg = Release|Any CPU
		{72E655E5-7AAF-48F9-A8AE-3999335F34B5}.Release|x86.Build.0 = Release|Any CPU
		{57F063B2-E0CB-48BC-A311-F362D9EBA152}.Debug|Any CPU.ActiveCfg = Debug|Any CPU
		{57F063B2-E0CB-48BC-A311-F362D9EBA152}.Debug|Any CPU.Build.0 = Debug|Any CPU
		{57F063B2-E0CB-48BC-A311-F362D9EBA152}.Debug|x64.ActiveCfg = Debug|Any CPU
		{57F063B2-E0CB-48BC-A311-F362D9EBA152}.Debug|x64.Build.0 = Debug|Any CPU
		{57F063B2-E0CB-48BC-A311-F362D9EBA152}.Debug|x86.ActiveCfg = Debug|Any CPU
		{57F063B2-E0CB-48BC-A311-F362D9EBA152}.Debug|x86.Build.0 = Debug|Any CPU
		{57F063B2-E0CB-48BC-A311-F362D9EBA152}.Release|Any CPU.ActiveCfg = Release|Any CPU
		{57F063B2-E0CB-48BC-A311-F362D9EBA152}.Release|Any CPU.Build.0 = Release|Any CPU
		{57F063B2-E0CB-48BC-A311-F362D9EBA152}.Release|x64.ActiveCfg = Release|Any CPU
		{57F063B2-E0CB-48BC-A311-F362D9EBA152}.Release|x64.Build.0 = Release|Any CPU
		{57F063B2-E0CB-48BC-A311-F362D9EBA152}.Release|x86.ActiveCfg = Release|Any CPU
		{57F063B2-E0CB-48BC-A311-F362D9EBA152}.Release|x86.Build.0 = Release|Any CPU
		{DC050436-05FD-471A-9046-4241FE80A38E}.Debug|Any CPU.ActiveCfg = Debug|Any CPU
		{DC050436-05FD-471A-9046-4241FE80A38E}.Debug|Any CPU.Build.0 = Debug|Any CPU
		{DC050436-05FD-471A-9046-4241FE80A38E}.Debug|x64.ActiveCfg = Debug|Any CPU
		{DC050436-05FD-471A-9046-4241FE80A38E}.Debug|x64.Build.0 = Debug|Any CPU
		{DC050436-05FD-471A-9046-4241FE80A38E}.Debug|x86.ActiveCfg = Debug|Any CPU
		{DC050436-05FD-471A-9046-4241FE80A38E}.Debug|x86.Build.0 = Debug|Any CPU
		{DC050436-05FD-471A-9046-4241FE80A38E}.Release|Any CPU.ActiveCfg = Release|Any CPU
		{DC050436-05FD-471A-9046-4241FE80A38E}.Release|Any CPU.Build.0 = Release|Any CPU
		{DC050436-05FD-471A-9046-4241FE80A38E}.Release|x64.ActiveCfg = Release|Any CPU
		{DC050436-05FD-471A-9046-4241FE80A38E}.Release|x64.Build.0 = Release|Any CPU
		{DC050436-05FD-471A-9046-4241FE80A38E}.Release|x86.ActiveCfg = Release|Any CPU
		{DC050436-05FD-471A-9046-4241FE80A38E}.Release|x86.Build.0 = Release|Any CPU
		{B45AA620-CB25-454D-A463-437D45BCB341}.Debug|Any CPU.ActiveCfg = Debug|Any CPU
		{B45AA620-CB25-454D-A463-437D45BCB341}.Debug|Any CPU.Build.0 = Debug|Any CPU
		{B45AA620-CB25-454D-A463-437D45BCB341}.Debug|x64.ActiveCfg = Debug|Any CPU
		{B45AA620-CB25-454D-A463-437D45BCB341}.Debug|x64.Build.0 = Debug|Any CPU
		{B45AA620-CB25-454D-A463-437D45BCB341}.Debug|x86.ActiveCfg = Debug|Any CPU
		{B45AA620-CB25-454D-A463-437D45BCB341}.Debug|x86.Build.0 = Debug|Any CPU
		{B45AA620-CB25-454D-A463-437D45BCB341}.Release|Any CPU.ActiveCfg = Release|Any CPU
		{B45AA620-CB25-454D-A463-437D45BCB341}.Release|Any CPU.Build.0 = Release|Any CPU
		{B45AA620-CB25-454D-A463-437D45BCB341}.Release|x64.ActiveCfg = Release|Any CPU
		{B45AA620-CB25-454D-A463-437D45BCB341}.Release|x64.Build.0 = Release|Any CPU
		{B45AA620-CB25-454D-A463-437D45BCB341}.Release|x86.ActiveCfg = Release|Any CPU
		{B45AA620-CB25-454D-A463-437D45BCB341}.Release|x86.Build.0 = Release|Any CPU
		{DAAAA041-B6DF-4780-BCF7-E124581AE56E}.Debug|Any CPU.ActiveCfg = Debug|Any CPU
		{DAAAA041-B6DF-4780-BCF7-E124581AE56E}.Debug|Any CPU.Build.0 = Debug|Any CPU
		{DAAAA041-B6DF-4780-BCF7-E124581AE56E}.Debug|x64.ActiveCfg = Debug|Any CPU
		{DAAAA041-B6DF-4780-BCF7-E124581AE56E}.Debug|x64.Build.0 = Debug|Any CPU
		{DAAAA041-B6DF-4780-BCF7-E124581AE56E}.Debug|x86.ActiveCfg = Debug|Any CPU
		{DAAAA041-B6DF-4780-BCF7-E124581AE56E}.Debug|x86.Build.0 = Debug|Any CPU
		{DAAAA041-B6DF-4780-BCF7-E124581AE56E}.Release|Any CPU.ActiveCfg = Release|Any CPU
		{DAAAA041-B6DF-4780-BCF7-E124581AE56E}.Release|Any CPU.Build.0 = Release|Any CPU
		{DAAAA041-B6DF-4780-BCF7-E124581AE56E}.Release|x64.ActiveCfg = Release|Any CPU
		{DAAAA041-B6DF-4780-BCF7-E124581AE56E}.Release|x64.Build.0 = Release|Any CPU
		{DAAAA041-B6DF-4780-BCF7-E124581AE56E}.Release|x86.ActiveCfg = Release|Any CPU
		{DAAAA041-B6DF-4780-BCF7-E124581AE56E}.Release|x86.Build.0 = Release|Any CPU
		{00DE86C6-B7D7-4442-8216-5C2588E96303}.Debug|Any CPU.ActiveCfg = Debug|Any CPU
		{00DE86C6-B7D7-4442-8216-5C2588E96303}.Debug|Any CPU.Build.0 = Debug|Any CPU
		{00DE86C6-B7D7-4442-8216-5C2588E96303}.Debug|x64.ActiveCfg = Debug|Any CPU
		{00DE86C6-B7D7-4442-8216-5C2588E96303}.Debug|x64.Build.0 = Debug|Any CPU
		{00DE86C6-B7D7-4442-8216-5C2588E96303}.Debug|x86.ActiveCfg = Debug|Any CPU
		{00DE86C6-B7D7-4442-8216-5C2588E96303}.Debug|x86.Build.0 = Debug|Any CPU
		{00DE86C6-B7D7-4442-8216-5C2588E96303}.Release|Any CPU.ActiveCfg = Release|Any CPU
		{00DE86C6-B7D7-4442-8216-5C2588E96303}.Release|Any CPU.Build.0 = Release|Any CPU
		{00DE86C6-B7D7-4442-8216-5C2588E96303}.Release|x64.ActiveCfg = Release|Any CPU
		{00DE86C6-B7D7-4442-8216-5C2588E96303}.Release|x64.Build.0 = Release|Any CPU
		{00DE86C6-B7D7-4442-8216-5C2588E96303}.Release|x86.ActiveCfg = Release|Any CPU
		{00DE86C6-B7D7-4442-8216-5C2588E96303}.Release|x86.Build.0 = Release|Any CPU
		{60B771D5-5BA8-485E-8298-FEA287EEE7CB}.Debug|Any CPU.ActiveCfg = Debug|Any CPU
		{60B771D5-5BA8-485E-8298-FEA287EEE7CB}.Debug|Any CPU.Build.0 = Debug|Any CPU
		{60B771D5-5BA8-485E-8298-FEA287EEE7CB}.Debug|x64.ActiveCfg = Debug|Any CPU
		{60B771D5-5BA8-485E-8298-FEA287EEE7CB}.Debug|x64.Build.0 = Debug|Any CPU
		{60B771D5-5BA8-485E-8298-FEA287EEE7CB}.Debug|x86.ActiveCfg = Debug|Any CPU
		{60B771D5-5BA8-485E-8298-FEA287EEE7CB}.Debug|x86.Build.0 = Debug|Any CPU
		{60B771D5-5BA8-485E-8298-FEA287EEE7CB}.Release|Any CPU.ActiveCfg = Release|Any CPU
		{60B771D5-5BA8-485E-8298-FEA287EEE7CB}.Release|Any CPU.Build.0 = Release|Any CPU
		{60B771D5-5BA8-485E-8298-FEA287EEE7CB}.Release|x64.ActiveCfg = Release|Any CPU
		{60B771D5-5BA8-485E-8298-FEA287EEE7CB}.Release|x64.Build.0 = Release|Any CPU
		{60B771D5-5BA8-485E-8298-FEA287EEE7CB}.Release|x86.ActiveCfg = Release|Any CPU
		{60B771D5-5BA8-485E-8298-FEA287EEE7CB}.Release|x86.Build.0 = Release|Any CPU
		{5F3ADB6D-FD1D-4668-9F31-8C8724D77A46}.Debug|Any CPU.ActiveCfg = Debug|Any CPU
		{5F3ADB6D-FD1D-4668-9F31-8C8724D77A46}.Debug|Any CPU.Build.0 = Debug|Any CPU
		{5F3ADB6D-FD1D-4668-9F31-8C8724D77A46}.Debug|x64.ActiveCfg = Debug|Any CPU
		{5F3ADB6D-FD1D-4668-9F31-8C8724D77A46}.Debug|x64.Build.0 = Debug|Any CPU
		{5F3ADB6D-FD1D-4668-9F31-8C8724D77A46}.Debug|x86.ActiveCfg = Debug|Any CPU
		{5F3ADB6D-FD1D-4668-9F31-8C8724D77A46}.Debug|x86.Build.0 = Debug|Any CPU
		{5F3ADB6D-FD1D-4668-9F31-8C8724D77A46}.Release|Any CPU.ActiveCfg = Release|Any CPU
		{5F3ADB6D-FD1D-4668-9F31-8C8724D77A46}.Release|Any CPU.Build.0 = Release|Any CPU
		{5F3ADB6D-FD1D-4668-9F31-8C8724D77A46}.Release|x64.ActiveCfg = Release|Any CPU
		{5F3ADB6D-FD1D-4668-9F31-8C8724D77A46}.Release|x64.Build.0 = Release|Any CPU
		{5F3ADB6D-FD1D-4668-9F31-8C8724D77A46}.Release|x86.ActiveCfg = Release|Any CPU
		{5F3ADB6D-FD1D-4668-9F31-8C8724D77A46}.Release|x86.Build.0 = Release|Any CPU
		{BBA33DB9-3784-48F5-B20F-9A74B9F50D75}.Debug|Any CPU.ActiveCfg = Debug|Any CPU
		{BBA33DB9-3784-48F5-B20F-9A74B9F50D75}.Debug|Any CPU.Build.0 = Debug|Any CPU
		{BBA33DB9-3784-48F5-B20F-9A74B9F50D75}.Debug|x64.ActiveCfg = Debug|Any CPU
		{BBA33DB9-3784-48F5-B20F-9A74B9F50D75}.Debug|x64.Build.0 = Debug|Any CPU
		{BBA33DB9-3784-48F5-B20F-9A74B9F50D75}.Debug|x86.ActiveCfg = Debug|Any CPU
		{BBA33DB9-3784-48F5-B20F-9A74B9F50D75}.Debug|x86.Build.0 = Debug|Any CPU
		{BBA33DB9-3784-48F5-B20F-9A74B9F50D75}.Release|Any CPU.ActiveCfg = Release|Any CPU
		{BBA33DB9-3784-48F5-B20F-9A74B9F50D75}.Release|Any CPU.Build.0 = Release|Any CPU
		{BBA33DB9-3784-48F5-B20F-9A74B9F50D75}.Release|x64.ActiveCfg = Release|Any CPU
		{BBA33DB9-3784-48F5-B20F-9A74B9F50D75}.Release|x64.Build.0 = Release|Any CPU
		{BBA33DB9-3784-48F5-B20F-9A74B9F50D75}.Release|x86.ActiveCfg = Release|Any CPU
		{BBA33DB9-3784-48F5-B20F-9A74B9F50D75}.Release|x86.Build.0 = Release|Any CPU
		{7A0B471D-8AAA-444A-AB50-15D8B9F79BB7}.Debug|Any CPU.ActiveCfg = Debug|Any CPU
		{7A0B471D-8AAA-444A-AB50-15D8B9F79BB7}.Debug|Any CPU.Build.0 = Debug|Any CPU
		{7A0B471D-8AAA-444A-AB50-15D8B9F79BB7}.Debug|x64.ActiveCfg = Debug|Any CPU
		{7A0B471D-8AAA-444A-AB50-15D8B9F79BB7}.Debug|x64.Build.0 = Debug|Any CPU
		{7A0B471D-8AAA-444A-AB50-15D8B9F79BB7}.Debug|x86.ActiveCfg = Debug|Any CPU
		{7A0B471D-8AAA-444A-AB50-15D8B9F79BB7}.Debug|x86.Build.0 = Debug|Any CPU
		{7A0B471D-8AAA-444A-AB50-15D8B9F79BB7}.Release|Any CPU.ActiveCfg = Release|Any CPU
		{7A0B471D-8AAA-444A-AB50-15D8B9F79BB7}.Release|Any CPU.Build.0 = Release|Any CPU
		{7A0B471D-8AAA-444A-AB50-15D8B9F79BB7}.Release|x64.ActiveCfg = Release|Any CPU
		{7A0B471D-8AAA-444A-AB50-15D8B9F79BB7}.Release|x64.Build.0 = Release|Any CPU
		{7A0B471D-8AAA-444A-AB50-15D8B9F79BB7}.Release|x86.ActiveCfg = Release|Any CPU
		{7A0B471D-8AAA-444A-AB50-15D8B9F79BB7}.Release|x86.Build.0 = Release|Any CPU
		{AB965E57-3DB1-4B28-BF18-C918287594E5}.Debug|Any CPU.ActiveCfg = Debug|Any CPU
		{AB965E57-3DB1-4B28-BF18-C918287594E5}.Debug|Any CPU.Build.0 = Debug|Any CPU
		{AB965E57-3DB1-4B28-BF18-C918287594E5}.Debug|x64.ActiveCfg = Debug|Any CPU
		{AB965E57-3DB1-4B28-BF18-C918287594E5}.Debug|x64.Build.0 = Debug|Any CPU
		{AB965E57-3DB1-4B28-BF18-C918287594E5}.Debug|x86.ActiveCfg = Debug|Any CPU
		{AB965E57-3DB1-4B28-BF18-C918287594E5}.Debug|x86.Build.0 = Debug|Any CPU
		{AB965E57-3DB1-4B28-BF18-C918287594E5}.Release|Any CPU.ActiveCfg = Release|Any CPU
		{AB965E57-3DB1-4B28-BF18-C918287594E5}.Release|Any CPU.Build.0 = Release|Any CPU
		{AB965E57-3DB1-4B28-BF18-C918287594E5}.Release|x64.ActiveCfg = Release|Any CPU
		{AB965E57-3DB1-4B28-BF18-C918287594E5}.Release|x64.Build.0 = Release|Any CPU
		{AB965E57-3DB1-4B28-BF18-C918287594E5}.Release|x86.ActiveCfg = Release|Any CPU
		{AB965E57-3DB1-4B28-BF18-C918287594E5}.Release|x86.Build.0 = Release|Any CPU
		{D04B9D18-00EE-4BA8-8AE2-BFFE085804E9}.Debug|Any CPU.ActiveCfg = Debug|Any CPU
		{D04B9D18-00EE-4BA8-8AE2-BFFE085804E9}.Debug|Any CPU.Build.0 = Debug|Any CPU
		{D04B9D18-00EE-4BA8-8AE2-BFFE085804E9}.Debug|x64.ActiveCfg = Debug|Any CPU
		{D04B9D18-00EE-4BA8-8AE2-BFFE085804E9}.Debug|x64.Build.0 = Debug|Any CPU
		{D04B9D18-00EE-4BA8-8AE2-BFFE085804E9}.Debug|x86.ActiveCfg = Debug|Any CPU
		{D04B9D18-00EE-4BA8-8AE2-BFFE085804E9}.Debug|x86.Build.0 = Debug|Any CPU
		{D04B9D18-00EE-4BA8-8AE2-BFFE085804E9}.Release|Any CPU.ActiveCfg = Release|Any CPU
		{D04B9D18-00EE-4BA8-8AE2-BFFE085804E9}.Release|Any CPU.Build.0 = Release|Any CPU
		{D04B9D18-00EE-4BA8-8AE2-BFFE085804E9}.Release|x64.ActiveCfg = Release|Any CPU
		{D04B9D18-00EE-4BA8-8AE2-BFFE085804E9}.Release|x64.Build.0 = Release|Any CPU
		{D04B9D18-00EE-4BA8-8AE2-BFFE085804E9}.Release|x86.ActiveCfg = Release|Any CPU
		{D04B9D18-00EE-4BA8-8AE2-BFFE085804E9}.Release|x86.Build.0 = Release|Any CPU
		{66A2B100-A021-4A6F-8FF7-018FB81FEBFB}.Debug|Any CPU.ActiveCfg = Debug|Any CPU
		{66A2B100-A021-4A6F-8FF7-018FB81FEBFB}.Debug|Any CPU.Build.0 = Debug|Any CPU
		{66A2B100-A021-4A6F-8FF7-018FB81FEBFB}.Debug|x64.ActiveCfg = Debug|Any CPU
		{66A2B100-A021-4A6F-8FF7-018FB81FEBFB}.Debug|x64.Build.0 = Debug|Any CPU
		{66A2B100-A021-4A6F-8FF7-018FB81FEBFB}.Debug|x86.ActiveCfg = Debug|Any CPU
		{66A2B100-A021-4A6F-8FF7-018FB81FEBFB}.Debug|x86.Build.0 = Debug|Any CPU
		{66A2B100-A021-4A6F-8FF7-018FB81FEBFB}.Release|Any CPU.ActiveCfg = Release|Any CPU
		{66A2B100-A021-4A6F-8FF7-018FB81FEBFB}.Release|Any CPU.Build.0 = Release|Any CPU
		{66A2B100-A021-4A6F-8FF7-018FB81FEBFB}.Release|x64.ActiveCfg = Release|Any CPU
		{66A2B100-A021-4A6F-8FF7-018FB81FEBFB}.Release|x64.Build.0 = Release|Any CPU
		{66A2B100-A021-4A6F-8FF7-018FB81FEBFB}.Release|x86.ActiveCfg = Release|Any CPU
		{66A2B100-A021-4A6F-8FF7-018FB81FEBFB}.Release|x86.Build.0 = Release|Any CPU
	EndGlobalSection
	GlobalSection(SolutionProperties) = preSolution
		HideSolutionNode = FALSE
	EndGlobalSection
	GlobalSection(NestedProjects) = preSolution
		{3E578A8F-B1ED-4858-B9FE-4EEF150B652C} = {88288250-808B-4787-AE58-1B5018F09446}
		{8891E21A-A653-4F54-BFC3-9BBF9F7C4C98} = {88288250-808B-4787-AE58-1B5018F09446}
		{CF9A53A7-A118-4845-82D9-BD4244B76138} = {88288250-808B-4787-AE58-1B5018F09446}
		{D930E8E2-0A47-482A-9159-F2D772BA6567} = {3E578A8F-B1ED-4858-B9FE-4EEF150B652C}
		{B3472621-230F-4F22-94F3-01F780368912} = {CF9A53A7-A118-4845-82D9-BD4244B76138}
		{624526CB-F84F-401B-A078-EF13A4D512B1} = {8891E21A-A653-4F54-BFC3-9BBF9F7C4C98}
		{A91DFC1C-6972-4EC1-931A-14BE58CB487F} = {CF9A53A7-A118-4845-82D9-BD4244B76138}
		{CAB81B25-F9C6-4ED2-983C-89C653EE9D02} = {8891E21A-A653-4F54-BFC3-9BBF9F7C4C98}
		{A12E858C-7355-49EB-BE5E-69479692550F} = {CF9A53A7-A118-4845-82D9-BD4244B76138}
		{57F063B2-E0CB-48BC-A311-F362D9EBA152} = {47596FD1-85C5-413A-BB79-DD97B7F10EF3}
		{DC050436-05FD-471A-9046-4241FE80A38E} = {47596FD1-85C5-413A-BB79-DD97B7F10EF3}
		{B45AA620-CB25-454D-A463-437D45BCB341} = {BC391918-8924-43A2-95DD-A931151C2695}
		{DAAAA041-B6DF-4780-BCF7-E124581AE56E} = {D5C81DA7-C9F2-45F2-8764-FB50A68A19F7}
		{00DE86C6-B7D7-4442-8216-5C2588E96303} = {BC391918-8924-43A2-95DD-A931151C2695}
		{60B771D5-5BA8-485E-8298-FEA287EEE7CB} = {CF9A53A7-A118-4845-82D9-BD4244B76138}
		{BBA33DB9-3784-48F5-B20F-9A74B9F50D75} = {8891E21A-A653-4F54-BFC3-9BBF9F7C4C98}
		{7A0B471D-8AAA-444A-AB50-15D8B9F79BB7} = {64703740-05C7-42AE-82AC-F8C22FD7870A}
		{AB965E57-3DB1-4B28-BF18-C918287594E5} = {BC391918-8924-43A2-95DD-A931151C2695}
		{D04B9D18-00EE-4BA8-8AE2-BFFE085804E9} = {BC391918-8924-43A2-95DD-A931151C2695}
	EndGlobalSection
	GlobalSection(ExtensibilityGlobals) = postSolution
		SolutionGuid = {1DBE9476-237C-4CFE-9E2B-B663D0FD968C}
	EndGlobalSection
EndGlobal
